
Microsoft Visual Studio Solution File, Format Version 11.00
# Visual Studio 2010
Project("{FAE04EC0-301F-11D3-BF4B-00C04F79EFBC}") = "Assembly-CSharp", "Assembly-CSharp.csproj", "{2231A339-A61A-A37D-109A-785069D1464F}"
EndProject
Project("{FAE04EC0-301F-11D3-BF4B-00C04F79EFBC}") = "Assembly-CSharp-Editor", "Assembly-CSharp-Editor.csproj", "{504E8070-FA01-099F-FEAC-CDCD7845C1C2}"
EndProject
Project("{FAE04EC0-301F-11D3-BF4B-00C04F79EFBC}") = "Assembly-CSharp-Editor-firstpass", "Assembly-CSharp-Editor-firstpass.csproj", "{BE1CBACE-ADA6-AA15-26B6-FF1C4F9149D3}"
EndProject
Global
	GlobalSection(SolutionConfigurationPlatforms) = preSolution
		Debug|Any CPU = Debug|Any CPU
		Release|Any CPU = Release|Any CPU
	EndGlobalSection
	GlobalSection(ProjectConfigurationPlatforms) = postSolution
		{2231A339-A61A-A37D-109A-785069D1464F}.Debug|Any CPU.ActiveCfg = Debug|Any CPU
		{2231A339-A61A-A37D-109A-785069D1464F}.Debug|Any CPU.Build.0 = Debug|Any CPU
		{2231A339-A61A-A37D-109A-785069D1464F}.Release|Any CPU.ActiveCfg = Release|Any CPU
		{2231A339-A61A-A37D-109A-785069D1464F}.Release|Any CPU.Build.0 = Release|Any CPU
		{504E8070-FA01-099F-FEAC-CDCD7845C1C2}.Debug|Any CPU.ActiveCfg = Debug|Any CPU
		{504E8070-FA01-099F-FEAC-CDCD7845C1C2}.Debug|Any CPU.Build.0 = Debug|Any CPU
		{504E8070-FA01-099F-FEAC-CDCD7845C1C2}.Release|Any CPU.ActiveCfg = Release|Any CPU
		{504E8070-FA01-099F-FEAC-CDCD7845C1C2}.Release|Any CPU.Build.0 = Release|Any CPU
		{BE1CBACE-ADA6-AA15-26B6-FF1C4F9149D3}.Debug|Any CPU.ActiveCfg = Debug|Any CPU
		{BE1CBACE-ADA6-AA15-26B6-FF1C4F9149D3}.Debug|Any CPU.Build.0 = Debug|Any CPU
		{BE1CBACE-ADA6-AA15-26B6-FF1C4F9149D3}.Release|Any CPU.ActiveCfg = Release|Any CPU
		{BE1CBACE-ADA6-AA15-26B6-FF1C4F9149D3}.Release|Any CPU.Build.0 = Release|Any CPU
	EndGlobalSection
	GlobalSection(SolutionProperties) = preSolution
		HideSolutionNode = FALSE
	EndGlobalSection
EndGlobal
