
Microsoft Visual Studio Solution File, Format Version 11.00
# Visual Studio 2010
Project("{FAE04EC0-301F-11D3-BF4B-00C04F79EFBC}") = "Pictubulary", "Assembly-CSharp-firstpass.csproj", "{38493CC2-2948-A612-0A37-0EA34933A3AC}"
EndProject
Project("{FAE04EC0-301F-11D3-BF4B-00C04F79EFBC}") = "Pictubulary", "Assembly-CSharp.csproj", "{8734F723-B4A3-508D-0254-5DEE9D69CD9A}"
EndProject
Project("{FAE04EC0-301F-11D3-BF4B-00C04F79EFBC}") = "Pictubulary", "Assembly-CSharp-Editor-firstpass.csproj", "{69073F80-75BA-7D56-2FD0-2B433F6E2E5C}"
EndProject
Global
	GlobalSection(SolutionConfigurationPlatforms) = preSolution
		Debug|Any CPU = Debug|Any CPU
		Release|Any CPU = Release|Any CPU
	EndGlobalSection
	GlobalSection(ProjectConfigurationPlatforms) = postSolution
		{38493CC2-2948-A612-0A37-0EA34933A3AC}.Debug|Any CPU.ActiveCfg = Debug|Any CPU
		{38493CC2-2948-A612-0A37-0EA34933A3AC}.Debug|Any CPU.Build.0 = Debug|Any CPU
		{38493CC2-2948-A612-0A37-0EA34933A3AC}.Release|Any CPU.ActiveCfg = Release|Any CPU
		{38493CC2-2948-A612-0A37-0EA34933A3AC}.Release|Any CPU.Build.0 = Release|Any CPU
		{8734F723-B4A3-508D-0254-5DEE9D69CD9A}.Debug|Any CPU.ActiveCfg = Debug|Any CPU
		{8734F723-B4A3-508D-0254-5DEE9D69CD9A}.Debug|Any CPU.Build.0 = Debug|Any CPU
		{8734F723-B4A3-508D-0254-5DEE9D69CD9A}.Release|Any CPU.ActiveCfg = Release|Any CPU
		{8734F723-B4A3-508D-0254-5DEE9D69CD9A}.Release|Any CPU.Build.0 = Release|Any CPU
		{69073F80-75BA-7D56-2FD0-2B433F6E2E5C}.Debug|Any CPU.ActiveCfg = Debug|Any CPU
		{69073F80-75BA-7D56-2FD0-2B433F6E2E5C}.Debug|Any CPU.Build.0 = Debug|Any CPU
		{69073F80-75BA-7D56-2FD0-2B433F6E2E5C}.Release|Any CPU.ActiveCfg = Release|Any CPU
		{69073F80-75BA-7D56-2FD0-2B433F6E2E5C}.Release|Any CPU.Build.0 = Release|Any CPU
	EndGlobalSection
	GlobalSection(SolutionProperties) = preSolution
		HideSolutionNode = FALSE
	EndGlobalSection
	GlobalSection(MonoDevelopProperties) = preSolution
		StartupItem = Assembly-CSharp.csproj
	EndGlobalSection
EndGlobal
